Microsoft Visual Studio Solution File, Format Version 12.00
# Visual Studio Version 17
VisualStudioVersion = 17.13.35806.99
MinimumVisualStudioVersion = 10.0.40219.1
Project("{FAE04EC0-301F-11D3-BF4B-00C04F79EFBC}") = "CameronSorensen_MunicipalityManagementSystem", "CameronSorensen_MunicipalityManagementSystem.csproj", "{ABF51AFB-9012-4D1F-8FB2-FBDB36094760}"
EndProject
Global
	GlobalSection(SolutionConfigurationPlatforms) = preSolution
		Debug|Any CPU = Debug|Any CPU
		Release|Any CPU = Release|Any CPU
	EndGlobalSection
	GlobalSection(ProjectConfigurationPlatforms) = postSolution
		{ABF51AFB-9012-4D1F-8FB2-FBDB36094760}.Debug|Any CPU.ActiveCfg = Debug|Any CPU
		{ABF51AFB-9012-4D1F-8FB2-FBDB36094760}.Debug|Any CPU.Build.0 = Debug|Any CPU
		{ABF51AFB-9012-4D1F-8FB2-FBDB36094760}.Release|Any CPU.ActiveCfg = Release|Any CPU
		{ABF51AFB-9012-4D1F-8FB2-FBDB36094760}.Release|Any CPU.Build.0 = Release|Any CPU
	EndGlobalSection
	GlobalSection(SolutionProperties) = preSolution
		HideSolutionNode = FALSE
	EndGlobalSection
	GlobalSection(ExtensibilityGlobals) = postSolution
		SolutionGuid = {2ACD3A14-5334-4AD0-9FBE-857649441118}
	EndGlobalSection
EndGlobal
